
Microsoft Visual Studio Solution File, Format Version 12.00
# Visual Studio 15
VisualStudioVersion = 15.0.28010.2036
MinimumVisualStudioVersion = 10.0.40219.1
Project("{FAE04EC0-301F-11D3-BF4B-00C04F79EFBC}") = "WpfApp1", "WpfApp1\WpfApp1.csproj", "{7DC98AE0-1763-4EE6-97F3-36302A4549C0}"
EndProject
Global
	GlobalSection(SolutionConfigurationPlatforms) = preSolution
		Debug|Any CPU = Debug|Any CPU
		Release|Any CPU = Release|Any CPU
	EndGlobalSection
	GlobalSection(ProjectConfigurationPlatforms) = postSolution
		{7DC98AE0-1763-4EE6-97F3-36302A4549C0}.Debug|Any CPU.ActiveCfg = Debug|Any CPU
		{7DC98AE0-1763-4EE6-97F3-36302A4549C0}.Debug|Any CPU.Build.0 = Debug|Any CPU
		{7DC98AE0-1763-4EE6-97F3-36302A4549C0}.Release|Any CPU.ActiveCfg = Release|Any CPU
		{7DC98AE0-1763-4EE6-97F3-36302A4549C0}.Release|Any CPU.Build.0 = Release|Any CPU
	EndGlobalSection
	GlobalSection(SolutionProperties) = preSolution
		HideSolutionNode = FALSE
	EndGlobalSection
	GlobalSection(ExtensibilityGlobals) = postSolution
		SolutionGuid = {F2BAF7D9-7777-4951-8AD2-874351FB50BE}
	EndGlobalSection
EndGlobal
