
Microsoft Visual Studio Solution File, Format Version 12.00
# Visual Studio 15
VisualStudioVersion = 15.0.28010.2036
MinimumVisualStudioVersion = 10.0.40219.1
Project("{FAE04EC0-301F-11D3-BF4B-00C04F79EFBC}") = "ConsoleApp1", "ConsoleApp1\ConsoleApp1.csproj", "{B4B63145-A137-48DE-8E18-36D4A1628B3E}"
EndProject
Global
	GlobalSection(SolutionConfigurationPlatforms) = preSolution
		Debug|Any CPU = Debug|Any CPU
		Release|Any CPU = Release|Any CPU
	EndGlobalSection
	GlobalSection(ProjectConfigurationPlatforms) = postSolution
		{B4B63145-A137-48DE-8E18-36D4A1628B3E}.Debug|Any CPU.ActiveCfg = Debug|Any CPU
		{B4B63145-A137-48DE-8E18-36D4A1628B3E}.Debug|Any CPU.Build.0 = Debug|Any CPU
		{B4B63145-A137-48DE-8E18-36D4A1628B3E}.Release|Any CPU.ActiveCfg = Release|Any CPU
		{B4B63145-A137-48DE-8E18-36D4A1628B3E}.Release|Any CPU.Build.0 = Release|Any CPU
	EndGlobalSection
	GlobalSection(SolutionProperties) = preSolution
		HideSolutionNode = FALSE
	EndGlobalSection
	GlobalSection(ExtensibilityGlobals) = postSolution
		SolutionGuid = {E613726C-F31F-489C-914B-10D65316D243}
	EndGlobalSection
EndGlobal
