
Microsoft Visual Studio Solution File, Format Version 12.00
# Visual Studio 15
VisualStudioVersion = 15.0.28010.2036
MinimumVisualStudioVersion = 10.0.40219.1
Project("{FAE04EC0-301F-11D3-BF4B-00C04F79EFBC}") = "WebFetcher", "WebFetcher\WebFetcher.csproj", "{4AEFF2CE-F8BB-4374-BA04-A5FC390204FB}"
EndProject
Global
	GlobalSection(SolutionConfigurationPlatforms) = preSolution
		Debug|Any CPU = Debug|Any CPU
		Release|Any CPU = Release|Any CPU
	EndGlobalSection
	GlobalSection(ProjectConfigurationPlatforms) = postSolution
		{4AEFF2CE-F8BB-4374-BA04-A5FC390204FB}.Debug|Any CPU.ActiveCfg = Debug|Any CPU
		{4AEFF2CE-F8BB-4374-BA04-A5FC390204FB}.Debug|Any CPU.Build.0 = Debug|Any CPU
		{4AEFF2CE-F8BB-4374-BA04-A5FC390204FB}.Release|Any CPU.ActiveCfg = Release|Any CPU
		{4AEFF2CE-F8BB-4374-BA04-A5FC390204FB}.Release|Any CPU.Build.0 = Release|Any CPU
	EndGlobalSection
	GlobalSection(SolutionProperties) = preSolution
		HideSolutionNode = FALSE
	EndGlobalSection
	GlobalSection(ExtensibilityGlobals) = postSolution
		SolutionGuid = {9361E979-42C5-4E5C-83BF-19D74E220760}
	EndGlobalSection
EndGlobal
