
Microsoft Visual Studio Solution File, Format Version 12.00
# Visual Studio 15
VisualStudioVersion = 15.0.28010.2036
MinimumVisualStudioVersion = 10.0.40219.1
Project("{FAE04EC0-301F-11D3-BF4B-00C04F79EFBC}") = "recourse", "recourse\recourse.csproj", "{5094D936-D883-40D3-AFA8-F127EFB9B0DF}"
EndProject
Global
	GlobalSection(SolutionConfigurationPlatforms) = preSolution
		Debug|Any CPU = Debug|Any CPU
		Release|Any CPU = Release|Any CPU
	EndGlobalSection
	GlobalSection(ProjectConfigurationPlatforms) = postSolution
		{5094D936-D883-40D3-AFA8-F127EFB9B0DF}.Debug|Any CPU.ActiveCfg = Debug|Any CPU
		{5094D936-D883-40D3-AFA8-F127EFB9B0DF}.Debug|Any CPU.Build.0 = Debug|Any CPU
		{5094D936-D883-40D3-AFA8-F127EFB9B0DF}.Release|Any CPU.ActiveCfg = Release|Any CPU
		{5094D936-D883-40D3-AFA8-F127EFB9B0DF}.Release|Any CPU.Build.0 = Release|Any CPU
	EndGlobalSection
	GlobalSection(SolutionProperties) = preSolution
		HideSolutionNode = FALSE
	EndGlobalSection
	GlobalSection(ExtensibilityGlobals) = postSolution
		SolutionGuid = {2FA8B35F-19B7-4775-96D3-61D68C165069}
	EndGlobalSection
EndGlobal
